
Microsoft Visual Studio Solution File, Format Version 12.00
# Visual Studio Version 17
VisualStudioVersion = 17.7.34031.279
MinimumVisualStudioVersion = 10.0.40219.1
Project("{FAE04EC0-301F-11D3-BF4B-00C04F79EFBC}") = "w01p01", "w01p01\w01p01.csproj", "{381FD251-7F29-4A10-896C-4EE5F1D75FFE}"
EndProject
Global
	GlobalSection(SolutionConfigurationPlatforms) = preSolution
		Debug|Any CPU = Debug|Any CPU
		Release|Any CPU = Release|Any CPU
	EndGlobalSection
	GlobalSection(ProjectConfigurationPlatforms) = postSolution
		{381FD251-7F29-4A10-896C-4EE5F1D75FFE}.Debug|Any CPU.ActiveCfg = Debug|Any CPU
		{381FD251-7F29-4A10-896C-4EE5F1D75FFE}.Debug|Any CPU.Build.0 = Debug|Any CPU
		{381FD251-7F29-4A10-896C-4EE5F1D75FFE}.Release|Any CPU.ActiveCfg = Release|Any CPU
		{381FD251-7F29-4A10-896C-4EE5F1D75FFE}.Release|Any CPU.Build.0 = Release|Any CPU
	EndGlobalSection
	GlobalSection(SolutionProperties) = preSolution
		HideSolutionNode = FALSE
	EndGlobalSection
	GlobalSection(ExtensibilityGlobals) = postSolution
		SolutionGuid = {D0E303E5-940C-4529-AF8E-FE36015DC452}
	EndGlobalSection
EndGlobal
