
Microsoft Visual Studio Solution File, Format Version 12.00
# Visual Studio Version 17
VisualStudioVersion = 17.7.34031.279
MinimumVisualStudioVersion = 10.0.40219.1
Project("{FAE04EC0-301F-11D3-BF4B-00C04F79EFBC}") = "lab05p01-przelicznik", "lab05p01-przelicznik\lab05p01-przelicznik.csproj", "{A1D7BAA5-7700-49EF-9369-B22F7431CF5D}"
EndProject
Global
	GlobalSection(SolutionConfigurationPlatforms) = preSolution
		Debug|Any CPU = Debug|Any CPU
		Release|Any CPU = Release|Any CPU
	EndGlobalSection
	GlobalSection(ProjectConfigurationPlatforms) = postSolution
		{A1D7BAA5-7700-49EF-9369-B22F7431CF5D}.Debug|Any CPU.ActiveCfg = Debug|Any CPU
		{A1D7BAA5-7700-49EF-9369-B22F7431CF5D}.Debug|Any CPU.Build.0 = Debug|Any CPU
		{A1D7BAA5-7700-49EF-9369-B22F7431CF5D}.Release|Any CPU.ActiveCfg = Release|Any CPU
		{A1D7BAA5-7700-49EF-9369-B22F7431CF5D}.Release|Any CPU.Build.0 = Release|Any CPU
	EndGlobalSection
	GlobalSection(SolutionProperties) = preSolution
		HideSolutionNode = FALSE
	EndGlobalSection
	GlobalSection(ExtensibilityGlobals) = postSolution
		SolutionGuid = {D44A71AE-54F9-4D42-902B-2FDC743464B4}
	EndGlobalSection
EndGlobal
